{
  "name": "@amlhubs/fipa-ip",
  "version": "0.0.1",
  "lockfileVersion": 3,
  "requires": true,
  "packages": {
    "": {
      "name": "@amlhubs/fipa-ip",
      "version": "0.0.1",
      "license": "MIT",
      "devDependencies": {
        "@amlhubs/fipa-acl": "^0.0.1",
        "@amlhubs/ocl": "^0.0.1",
        "@amlhubs/uml": "^0.0.2",
        "typescript": "^5.5.0"
      },
      "peerDependencies": {
        "@amlhubs/fipa-acl": "^0.0.1",
        "@amlhubs/ocl": "^0.0.1",
        "@amlhubs/uml": ">=0.0.1"
      }
    },
    "node_modules/@amlhubs/fipa-acl": {
      "version": "0.0.1",
      "resolved": "https://npm.pkg.github.com/download/@amlhubs/fipa-acl/0.0.1/e4687af3f6f8190dc149432571e63cdfeb805cb0",
      "integrity": "sha512-jbiO7e0iYeOLOU1jz/IyUQMubK19qgvVBGRfi8tS+X7BpEppOPRPuNA0nUw12g84fS035bV2XDYokS+ATw7AhQ==",
      "dev": true,
      "license": "UNLICENSED",
      "peerDependencies": {
        "@amlhubs/ocl": "^0.0.1",
        "@amlhubs/sbvr": "^0.0.1",
        "@amlhubs/uml": "^0.0.2"
      }
    },
    "node_modules/@amlhubs/ocl": {
      "version": "0.0.1",
      "resolved": "https://npm.pkg.github.com/download/@amlhubs/ocl/0.0.1/9d5fae5b47baabc0e98edd403aa5990013c5e5d6",
      "integrity": "sha512-cRpdoLM10+CwpVwjDTbyEamzPtS0gb+ysfzFIDOdxuBbCS7//O44He72FfTM6DMBezA9YY5xoS18wf8yL0U/1g==",
      "dev": true,
      "license": "UNLICENSED",
      "peerDependencies": {
        "@amlhubs/uml": "0.0.1"
      }
    },
    "node_modules/@amlhubs/uml": {
      "version": "0.0.2",
      "resolved": "https://npm.pkg.github.com/download/@amlhubs/uml/0.0.2/9fd1be4d27ed1d76a16cb4f1d058cbf045ff05b3",
      "integrity": "sha512-Yor9mBa0uFOPMcUnc3xIYHzstvO0m0DNTpImUgXAgTfURYISj1hLF9GEbSbNDTChmsmd+QxOpoKYaPWk2uTwcQ==",
      "dev": true,
      "license": "UNLICENSED"
    },
    "node_modules/typescript": {
      "version": "5.9.3",
      "resolved": "https://registry.npmjs.org/typescript/-/typescript-5.9.3.tgz",
      "integrity": "sha512-jl1vZzPDinLr9eUt3J/t7V6FgNEw9QjvBPdysz9KfQDD41fQrC2Y4vKQdiaUpFT4bXlb1RHhLpp8wtm6M5TgSw==",
      "dev": true,
      "license": "Apache-2.0",
      "bin": {
        "tsc": "bin/tsc",
        "tsserver": "bin/tsserver"
      },
      "engines": {
        "node": ">=14.17"
      }
    }
  }
}
